// !$*UTF8*$!
{
	archiveVersion = 1;
	classes = {
	};
	objectVersion = 56;
	objects = {

/* Begin PBXBuildFile section */
		332010052AE1F3E700849011 /* AppDelegate.swift in Sources */ = {isa = PBXBuildFile; fileRef = 332010042AE1F3E700849011 /* AppDelegate.swift */; };
		332010072AE1F3E700849011 /* SceneDelegate.swift in Sources */ = {isa = PBXBuildFile; fileRef = 332010062AE1F3E700849011 /* SceneDelegate.swift */; };
		332010092AE1F3E700849011 /* IdadeCachorroVC.swift in Sources */ = {isa = PBXBuildFile; fileRef = 332010082AE1F3E700849011 /* IdadeCachorroVC.swift */; };
		3320100C2AE1F3E700849011 /* Main.storyboard in Resources */ = {isa = PBXBuildFile; fileRef = 3320100A2AE1F3E700849011 /* Main.storyboard */; };
		3320100E2AE1F3E800849011 /* Assets.xcassets in Resources */ = {isa = PBXBuildFile; fileRef = 3320100D2AE1F3E800849011 /* Assets.xcassets */; };
		332010112AE1F3E800849011 /* LaunchScreen.storyboard in Resources */ = {isa = PBXBuildFile; fileRef = 3320100F2AE1F3E800849011 /* LaunchScreen.storyboard */; };
		332010192AE1F43E00849011 /* IdadeCachorroViewModel.swift in Sources */ = {isa = PBXBuildFile; fileRef = 332010182AE1F43E00849011 /* IdadeCachorroViewModel.swift */; };
		332010232AE1F88500849011 /* DogAge.docc in Sources */ = {isa = PBXBuildFile; fileRef = 332010222AE1F88500849011 /* DogAge.docc */; };
		332010292AE1F88500849011 /* DogAge.framework in Frameworks */ = {isa = PBXBuildFile; fileRef = 3320101F2AE1F88500849011 /* DogAge.framework */; };
		332010302AE1F88500849011 /* DogAgeTests.swift in Sources */ = {isa = PBXBuildFile; fileRef = 3320102F2AE1F88500849011 /* DogAgeTests.swift */; };
		332010312AE1F88500849011 /* DogAge.h in Headers */ = {isa = PBXBuildFile; fileRef = 332010212AE1F88500849011 /* DogAge.h */; settings = {ATTRIBUTES = (Public, ); }; };
		332010342AE1F88500849011 /* DogAge.framework in Frameworks */ = {isa = PBXBuildFile; fileRef = 3320101F2AE1F88500849011 /* DogAge.framework */; };
		332010352AE1F88500849011 /* DogAge.framework in Embed Frameworks */ = {isa = PBXBuildFile; fileRef = 3320101F2AE1F88500849011 /* DogAge.framework */; settings = {ATTRIBUTES = (CodeSignOnCopy, RemoveHeadersOnCopy, ); }; };
		3320103E2AE1F89400849011 /* DpgAge.swift in Sources */ = {isa = PBXBuildFile; fileRef = 3320103D2AE1F89400849011 /* DpgAge.swift */; };
/* End PBXBuildFile section */

/* Begin PBXContainerItemProxy section */
		3320102A2AE1F88500849011 /* PBXContainerItemProxy */ = {
			isa = PBXContainerItemProxy;
			containerPortal = 33200FF92AE1F3E700849011 /* Project object */;
			proxyType = 1;
			remoteGlobalIDString = 3320101E2AE1F88500849011;
			remoteInfo = DogAge;
		};
		3320102C2AE1F88500849011 /* PBXContainerItemProxy */ = {
			isa = PBXContainerItemProxy;
			containerPortal = 33200FF92AE1F3E700849011 /* Project object */;
			proxyType = 1;
			remoteGlobalIDString = 332010002AE1F3E700849011;
			remoteInfo = ModularizacaoAPPCaoBootcamp;
		};
		332010322AE1F88500849011 /* PBXContainerItemProxy */ = {
			isa = PBXContainerItemProxy;
			containerPortal = 33200FF92AE1F3E700849011 /* Project object */;
			proxyType = 1;
			remoteGlobalIDString = 3320101E2AE1F88500849011;
			remoteInfo = DogAge;
		};
/* End PBXContainerItemProxy section */

/* Begin PBXCopyFilesBuildPhase section */
		332010392AE1F88500849011 /* Embed Frameworks */ = {
			isa = PBXCopyFilesBuildPhase;
			buildActionMask = 2147483647;
			dstPath = "";
			dstSubfolderSpec = 10;
			files = (
				332010352AE1F88500849011 /* DogAge.framework in Embed Frameworks */,
			);
			name = "Embed Frameworks";
			runOnlyForDeploymentPostprocessing = 0;
		};
/* End PBXCopyFilesBuildPhase section */

/* Begin PBXFileReference section */
		332010012AE1F3E700849011 /* ModularizacaoAPPCaoBootcamp.app */ = {isa = PBXFileReference; explicitFileType = wrapper.application; includeInIndex = 0; path = ModularizacaoAPPCaoBootcamp.app; sourceTree = BUILT_PRODUCTS_DIR; };
		332010042AE1F3E700849011 /* AppDelegate.swift */ = {isa = PBXFileReference; lastKnownFileType = sourcecode.swift; path = AppDelegate.swift; sourceTree = "<group>"; };
		332010062AE1F3E700849011 /* SceneDelegate.swift */ = {isa = PBXFileReference; lastKnownFileType = sourcecode.swift; path = SceneDelegate.swift; sourceTree = "<group>"; };
		332010082AE1F3E700849011 /* IdadeCachorroVC.swift */ = {isa = PBXFileReference; lastKnownFileType = sourcecode.swift; path = IdadeCachorroVC.swift; sourceTree = "<group>"; };
		3320100B2AE1F3E700849011 /* Base */ = {isa = PBXFileReference; lastKnownFileType = file.storyboard; name = Base; path = Base.lproj/Main.storyboard; sourceTree = "<group>"; };
		3320100D2AE1F3E800849011 /* Assets.xcassets */ = {isa = PBXFileReference; lastKnownFileType = folder.assetcatalog; path = Assets.xcassets; sourceTree = "<group>"; };
		332010102AE1F3E800849011 /* Base */ = {isa = PBXFileReference; lastKnownFileType = file.storyboard; name = Base; path = Base.lproj/LaunchScreen.storyboard; sourceTree = "<group>"; };
		332010122AE1F3E800849011 /* Info.plist */ = {isa = PBXFileReference; lastKnownFileType = text.plist.xml; path = Info.plist; sourceTree = "<group>"; };
		332010182AE1F43E00849011 /* IdadeCachorroViewModel.swift */ = {isa = PBXFileReference; lastKnownFileType = sourcecode.swift; path = IdadeCachorroViewModel.swift; sourceTree = "<group>"; };
		3320101F2AE1F88500849011 /* DogAge.framework */ = {isa = PBXFileReference; explicitFileType = wrapper.framework; includeInIndex = 0; path = DogAge.framework; sourceTree = BUILT_PRODUCTS_DIR; };
		332010212AE1F88500849011 /* DogAge.h */ = {isa = PBXFileReference; lastKnownFileType = sourcecode.c.h; path = DogAge.h; sourceTree = "<group>"; };
		332010222AE1F88500849011 /* DogAge.docc */ = {isa = PBXFileReference; lastKnownFileType = folder.documentationcatalog; path = DogAge.docc; sourceTree = "<group>"; };
		332010282AE1F88500849011 /* DogAgeTests.xctest */ = {isa = PBXFileReference; explicitFileType = wrapper.cfbundle; includeInIndex = 0; path = DogAgeTests.xctest; sourceTree = BUILT_PRODUCTS_DIR; };
		3320102F2AE1F88500849011 /* DogAgeTests.swift */ = {isa = PBXFileReference; lastKnownFileType = sourcecode.swift; path = DogAgeTests.swift; sourceTree = "<group>"; };
		3320103D2AE1F89400849011 /* DpgAge.swift */ = {isa = PBXFileReference; lastKnownFileType = sourcecode.swift; path = DpgAge.swift; sourceTree = "<group>"; };
/* End PBXFileReference section */

/* Begin PBXFrameworksBuildPhase section */
		33200FFE2AE1F3E700849011 /* Frameworks */ = {
			isa = PBXFrameworksBuildPhase;
			buildActionMask = 2147483647;
			files = (
				332010342AE1F88500849011 /* DogAge.framework in Frameworks */,
			);
			runOnlyForDeploymentPostprocessing = 0;
		};
		3320101C2AE1F88500849011 /* Frameworks */ = {
			isa = PBXFrameworksBuildPhase;
			buildActionMask = 2147483647;
			files = (
			);
			runOnlyForDeploymentPostprocessing = 0;
		};
		332010252AE1F88500849011 /* Frameworks */ = {
			isa = PBXFrameworksBuildPhase;
			buildActionMask = 2147483647;
			files = (
				332010292AE1F88500849011 /* DogAge.framework in Frameworks */,
			);
			runOnlyForDeploymentPostprocessing = 0;
		};
/* End PBXFrameworksBuildPhase section */

/* Begin PBXGroup section */
		33200FF82AE1F3E700849011 = {
			isa = PBXGroup;
			children = (
				332010032AE1F3E700849011 /* ModularizacaoAPPCaoBootcamp */,
				332010202AE1F88500849011 /* DogAge */,
				3320102E2AE1F88500849011 /* DogAgeTests */,
				332010022AE1F3E700849011 /* Products */,
			);
			sourceTree = "<group>";
		};
		332010022AE1F3E700849011 /* Products */ = {
			isa = PBXGroup;
			children = (
				332010012AE1F3E700849011 /* ModularizacaoAPPCaoBootcamp.app */,
				3320101F2AE1F88500849011 /* DogAge.framework */,
				332010282AE1F88500849011 /* DogAgeTests.xctest */,
			);
			name = Products;
			sourceTree = "<group>";
		};
		332010032AE1F3E700849011 /* ModularizacaoAPPCaoBootcamp */ = {
			isa = PBXGroup;
			children = (
				332010042AE1F3E700849011 /* AppDelegate.swift */,
				332010062AE1F3E700849011 /* SceneDelegate.swift */,
				332010082AE1F3E700849011 /* IdadeCachorroVC.swift */,
				332010182AE1F43E00849011 /* IdadeCachorroViewModel.swift */,
				3320100A2AE1F3E700849011 /* Main.storyboard */,
				3320100D2AE1F3E800849011 /* Assets.xcassets */,
				3320100F2AE1F3E800849011 /* LaunchScreen.storyboard */,
				332010122AE1F3E800849011 /* Info.plist */,
			);
			path = ModularizacaoAPPCaoBootcamp;
			sourceTree = "<group>";
		};
		332010202AE1F88500849011 /* DogAge */ = {
			isa = PBXGroup;
			children = (
				332010212AE1F88500849011 /* DogAge.h */,
				332010222AE1F88500849011 /* DogAge.docc */,
				3320103D2AE1F89400849011 /* DpgAge.swift */,
			);
			path = DogAge;
			sourceTree = "<group>";
		};
		3320102E2AE1F88500849011 /* DogAgeTests */ = {
			isa = PBXGroup;
			children = (
				3320102F2AE1F88500849011 /* DogAgeTests.swift */,
			);
			path = DogAgeTests;
			sourceTree = "<group>";
		};
/* End PBXGroup section */

/* Begin PBXHeadersBuildPhase section */
		3320101A2AE1F88500849011 /* Headers */ = {
			isa = PBXHeadersBuildPhase;
			buildActionMask = 2147483647;
			files = (
				332010312AE1F88500849011 /* DogAge.h in Headers */,
			);
			runOnlyForDeploymentPostprocessing = 0;
		};
/* End PBXHeadersBuildPhase section */

/* Begin PBXNativeTarget section */
		332010002AE1F3E700849011 /* ModularizacaoAPPCaoBootcamp */ = {
			isa = PBXNativeTarget;
			buildConfigurationList = 332010152AE1F3E800849011 /* Build configuration list for PBXNativeTarget "ModularizacaoAPPCaoBootcamp" */;
			buildPhases = (
				33200FFD2AE1F3E700849011 /* Sources */,
				33200FFE2AE1F3E700849011 /* Frameworks */,
				33200FFF2AE1F3E700849011 /* Resources */,
				332010392AE1F88500849011 /* Embed Frameworks */,
			);
			buildRules = (
			);
			dependencies = (
				332010332AE1F88500849011 /* PBXTargetDependency */,
			);
			name = ModularizacaoAPPCaoBootcamp;
			productName = ModularizacaoAPPCaoBootcamp;
			productReference = 332010012AE1F3E700849011 /* ModularizacaoAPPCaoBootcamp.app */;
			productType = "com.apple.product-type.application";
		};
		3320101E2AE1F88500849011 /* DogAge */ = {
			isa = PBXNativeTarget;
			buildConfigurationList = 332010362AE1F88500849011 /* Build configuration list for PBXNativeTarget "DogAge" */;
			buildPhases = (
				3320101A2AE1F88500849011 /* Headers */,
				3320101B2AE1F88500849011 /* Sources */,
				3320101C2AE1F88500849011 /* Frameworks */,
				3320101D2AE1F88500849011 /* Resources */,
			);
			buildRules = (
			);
			dependencies = (
			);
			name = DogAge;
			productName = DogAge;
			productReference = 3320101F2AE1F88500849011 /* DogAge.framework */;
			productType = "com.apple.product-type.framework";
		};
		332010272AE1F88500849011 /* DogAgeTests */ = {
			isa = PBXNativeTarget;
			buildConfigurationList = 3320103A2AE1F88500849011 /* Build configuration list for PBXNativeTarget "DogAgeTests" */;
			buildPhases = (
				332010242AE1F88500849011 /* Sources */,
				332010252AE1F88500849011 /* Frameworks */,
				332010262AE1F88500849011 /* Resources */,
			);
			buildRules = (
			);
			dependencies = (
				3320102B2AE1F88500849011 /* PBXTargetDependency */,
				3320102D2AE1F88500849011 /* PBXTargetDependency */,
			);
			name = DogAgeTests;
			productName = DogAgeTests;
			productReference = 332010282AE1F88500849011 /* DogAgeTests.xctest */;
			productType = "com.apple.product-type.bundle.unit-test";
		};
/* End PBXNativeTarget section */

/* Begin PBXProject section */
		33200FF92AE1F3E700849011 /* Project object */ = {
			isa = PBXProject;
			attributes = {
				BuildIndependentTargetsInParallel = 1;
				LastSwiftUpdateCheck = 1400;
				LastUpgradeCheck = 1400;
				TargetAttributes = {
					332010002AE1F3E700849011 = {
						CreatedOnToolsVersion = 14.0;
					};
					3320101E2AE1F88500849011 = {
						CreatedOnToolsVersion = 14.0;
					};
					332010272AE1F88500849011 = {
						CreatedOnToolsVersion = 14.0;
						TestTargetID = 332010002AE1F3E700849011;
					};
				};
			};
			buildConfigurationList = 33200FFC2AE1F3E700849011 /* Build configuration list for PBXProject "ModularizacaoAPPCaoBootcamp" */;
			compatibilityVersion = "Xcode 14.0";
			developmentRegion = en;
			hasScannedForEncodings = 0;
			knownRegions = (
				en,
				Base,
			);
			mainGroup = 33200FF82AE1F3E700849011;
			productRefGroup = 332010022AE1F3E700849011 /* Products */;
			projectDirPath = "";
			projectRoot = "";
			targets = (
				332010002AE1F3E700849011 /* ModularizacaoAPPCaoBootcamp */,
				3320101E2AE1F88500849011 /* DogAge */,
				332010272AE1F88500849011 /* DogAgeTests */,
			);
		};
/* End PBXProject section */

/* Begin PBXResourcesBuildPhase section */
		33200FFF2AE1F3E700849011 /* Resources */ = {
			isa = PBXResourcesBuildPhase;
			buildActionMask = 2147483647;
			files = (
				332010112AE1F3E800849011 /* LaunchScreen.storyboard in Resources */,
				3320100E2AE1F3E800849011 /* Assets.xcassets in Resources */,
				3320100C2AE1F3E700849011 /* Main.storyboard in Resources */,
			);
			runOnlyForDeploymentPostprocessing = 0;
		};
		3320101D2AE1F88500849011 /* Resources */ = {
			isa = PBXResourcesBuildPhase;
			buildActionMask = 2147483647;
			files = (
			);
			runOnlyForDeploymentPostprocessing = 0;
		};
		332010262AE1F88500849011 /* Resources */ = {
			isa = PBXResourcesBuildPhase;
			buildActionMask = 2147483647;
			files = (
			);
			runOnlyForDeploymentPostprocessing = 0;
		};
/* End PBXResourcesBuildPhase section */

/* Begin PBXSourcesBuildPhase section */
		33200FFD2AE1F3E700849011 /* Sources */ = {
			isa = PBXSourcesBuildPhase;
			buildActionMask = 2147483647;
			files = (
				332010092AE1F3E700849011 /* IdadeCachorroVC.swift in Sources */,
				332010052AE1F3E700849011 /* AppDelegate.swift in Sources */,
				332010192AE1F43E00849011 /* IdadeCachorroViewModel.swift in Sources */,
				332010072AE1F3E700849011 /* SceneDelegate.swift in Sources */,
			);
			runOnlyForDeploymentPostprocessing = 0;
		};
		3320101B2AE1F88500849011 /* Sources */ = {
			isa = PBXSourcesBuildPhase;
			buildActionMask = 2147483647;
			files = (
				332010232AE1F88500849011 /* DogAge.docc in Sources */,
				3320103E2AE1F89400849011 /* DpgAge.swift in Sources */,
			);
			runOnlyForDeploymentPostprocessing = 0;
		};
		332010242AE1F88500849011 /* Sources */ = {
			isa = PBXSourcesBuildPhase;
			buildActionMask = 2147483647;
			files = (
				332010302AE1F88500849011 /* DogAgeTests.swift in Sources */,
			);
			runOnlyForDeploymentPostprocessing = 0;
		};
/* End PBXSourcesBuildPhase section */

/* Begin PBXTargetDependency section */
		3320102B2AE1F88500849011 /* PBXTargetDependency */ = {
			isa = PBXTargetDependency;
			target = 3320101E2AE1F88500849011 /* DogAge */;
			targetProxy = 3320102A2AE1F88500849011 /* PBXContainerItemProxy */;
		};
		3320102D2AE1F88500849011 /* PBXTargetDependency */ = {
			isa = PBXTargetDependency;
			target = 332010002AE1F3E700849011 /* ModularizacaoAPPCaoBootcamp */;
			targetProxy = 3320102C2AE1F88500849011 /* PBXContainerItemProxy */;
		};
		332010332AE1F88500849011 /* PBXTargetDependency */ = {
			isa = PBXTargetDependency;
			target = 3320101E2AE1F88500849011 /* DogAge */;
			targetProxy = 332010322AE1F88500849011 /* PBXContainerItemProxy */;
		};
/* End PBXTargetDependency section */

/* Begin PBXVariantGroup section */
		3320100A2AE1F3E700849011 /* Main.storyboard */ = {
			isa = PBXVariantGroup;
			children = (
				3320100B2AE1F3E700849011 /* Base */,
			);
			name = Main.storyboard;
			sourceTree = "<group>";
		};
		3320100F2AE1F3E800849011 /* LaunchScreen.storyboard */ = {
			isa = PBXVariantGroup;
			children = (
				332010102AE1F3E800849011 /* Base */,
			);
			name = LaunchScreen.storyboard;
			sourceTree = "<group>";
		};
/* End PBXVariantGroup section */

/* Begin XCBuildConfiguration section */
		332010132AE1F3E800849011 /* Debug */ = {
			isa = XCBuildConfiguration;
			buildSettings = {
				ALWAYS_SEARCH_USER_PATHS = NO;
				CLANG_ANALYZER_NONNULL = YES;
				CLANG_ANALYZER_NUMBER_OBJECT_CONVERSION = YES_AGGRESSIVE;
				CLANG_CXX_LANGUAGE_STANDARD = "gnu++20";
				CLANG_ENABLE_MODULES = YES;
				CLANG_ENABLE_OBJC_ARC = YES;
				CLANG_ENABLE_OBJC_WEAK = YES;
				CLANG_WARN_BLOCK_CAPTURE_AUTORELEASING = YES;
				CLANG_WARN_BOOL_CONVERSION = YES;
				CLANG_WARN_COMMA = YES;
				CLANG_WARN_CONSTANT_CONVERSION = YES;
				CLANG_WARN_DEPRECATED_OBJC_IMPLEMENTATIONS = YES;
				CLANG_WARN_DIRECT_OBJC_ISA_USAGE = YES_ERROR;
				CLANG_WARN_DOCUMENTATION_COMMENTS = YES;
				CLANG_WARN_EMPTY_BODY = YES;
				CLANG_WARN_ENUM_CONVERSION = YES;
				CLANG_WARN_INFINITE_RECURSION = YES;
				CLANG_WARN_INT_CONVERSION = YES;
				CLANG_WARN_NON_LITERAL_NULL_CONVERSION = YES;
				CLANG_WARN_OBJC_IMPLICIT_RETAIN_SELF = YES;
				CLANG_WARN_OBJC_LITERAL_CONVERSION = YES;
				CLANG_WARN_OBJC_ROOT_CLASS = YES_ERROR;
				CLANG_WARN_QUOTED_INCLUDE_IN_FRAMEWORK_HEADER = YES;
				CLANG_WARN_RANGE_LOOP_ANALYSIS = YES;
				CLANG_WARN_STRICT_PROTOTYPES = YES;
				CLANG_WARN_SUSPICIOUS_MOVE = YES;
				CLANG_WARN_UNGUARDED_AVAILABILITY = YES_AGGRESSIVE;
				CLANG_WARN_UNREACHABLE_CODE = YES;
				CLANG_WARN__DUPLICATE_METHOD_MATCH = YES;
				COPY_PHASE_STRIP = NO;
				DEBUG_INFORMATION_FORMAT = dwarf;
				ENABLE_STRICT_OBJC_MSGSEND = YES;
				ENABLE_TESTABILITY = YES;
				GCC_C_LANGUAGE_STANDARD = gnu11;
				GCC_DYNAMIC_NO_PIC = NO;
				GCC_NO_COMMON_BLOCKS = YES;
				GCC_OPTIMIZATION_LEVEL = 0;
				GCC_PREPROCESSOR_DEFINITIONS = (
					"DEBUG=1",
					"$(inherited)",
				);
				GCC_WARN_64_TO_32_BIT_CONVERSION = YES;
				GCC_WARN_ABOUT_RETURN_TYPE = YES_ERROR;
				GCC_WARN_UNDECLARED_SELECTOR = YES;
				GCC_WARN_UNINITIALIZED_AUTOS = YES_AGGRESSIVE;
				GCC_WARN_UNUSED_FUNCTION = YES;
				GCC_WARN_UNUSED_VARIABLE = YES;
				IPHONEOS_DEPLOYMENT_TARGET = 16.0;
				MTL_ENABLE_DEBUG_INFO = INCLUDE_SOURCE;
				MTL_FAST_MATH = YES;
				ONLY_ACTIVE_ARCH = YES;
				SDKROOT = iphoneos;
				SWIFT_ACTIVE_COMPILATION_CONDITIONS = DEBUG;
				SWIFT_OPTIMIZATION_LEVEL = "-Onone";
			};
			name = Debug;
		};
		332010142AE1F3E800849011 /* Release */ = {
			isa = XCBuildConfiguration;
			buildSettings = {
				ALWAYS_SEARCH_USER_PATHS = NO;
				CLANG_ANALYZER_NONNULL = YES;
				CLANG_ANALYZER_NUMBER_OBJECT_CONVERSION = YES_AGGRESSIVE;
				CLANG_CXX_LANGUAGE_STANDARD = "gnu++20";
				CLANG_ENABLE_MODULES = YES;
				CLANG_ENABLE_OBJC_ARC = YES;
				CLANG_ENABLE_OBJC_WEAK = YES;
				CLANG_WARN_BLOCK_CAPTURE_AUTORELEASING = YES;
				CLANG_WARN_BOOL_CONVERSION = YES;
				CLANG_WARN_COMMA = YES;
				CLANG_WARN_CONSTANT_CONVERSION = YES;
				CLANG_WARN_DEPRECATED_OBJC_IMPLEMENTATIONS = YES;
				CLANG_WARN_DIRECT_OBJC_ISA_USAGE = YES_ERROR;
				CLANG_WARN_DOCUMENTATION_COMMENTS = YES;
				CLANG_WARN_EMPTY_BODY = YES;
				CLANG_WARN_ENUM_CONVERSION = YES;
				CLANG_WARN_INFINITE_RECURSION = YES;
				CLANG_WARN_INT_CONVERSION = YES;
				CLANG_WARN_NON_LITERAL_NULL_CONVERSION = YES;
				CLANG_WARN_OBJC_IMPLICIT_RETAIN_SELF = YES;
				CLANG_WARN_OBJC_LITERAL_CONVERSION = YES;
				CLANG_WARN_OBJC_ROOT_CLASS = YES_ERROR;
				CLANG_WARN_QUOTED_INCLUDE_IN_FRAMEWORK_HEADER = YES;
				CLANG_WARN_RANGE_LOOP_ANALYSIS = YES;
				CLANG_WARN_STRICT_PROTOTYPES = YES;
				CLANG_WARN_SUSPICIOUS_MOVE = YES;
				CLANG_WARN_UNGUARDED_AVAILABILITY = YES_AGGRESSIVE;
				CLANG_WARN_UNREACHABLE_CODE = YES;
				CLANG_WARN__DUPLICATE_METHOD_MATCH = YES;
				COPY_PHASE_STRIP = NO;
				DEBUG_INFORMATION_FORMAT = "dwarf-with-dsym";
				ENABLE_NS_ASSERTIONS = NO;
				ENABLE_STRICT_OBJC_MSGSEND = YES;
				GCC_C_LANGUAGE_STANDARD = gnu11;
				GCC_NO_COMMON_BLOCKS = YES;
				GCC_WARN_64_TO_32_BIT_CONVERSION = YES;
				GCC_WARN_ABOUT_RETURN_TYPE = YES_ERROR;
				GCC_WARN_UNDECLARED_SELECTOR = YES;
				GCC_WARN_UNINITIALIZED_AUTOS = YES_AGGRESSIVE;
				GCC_WARN_UNUSED_FUNCTION = YES;
				GCC_WARN_UNUSED_VARIABLE = YES;
				IPHONEOS_DEPLOYMENT_TARGET = 16.0;
				MTL_ENABLE_DEBUG_INFO = NO;
				MTL_FAST_MATH = YES;
				SDKROOT = iphoneos;
				SWIFT_COMPILATION_MODE = wholemodule;
				SWIFT_OPTIMIZATION_LEVEL = "-O";
				VALIDATE_PRODUCT = YES;
			};
			name = Release;
		};
		332010162AE1F3E800849011 /* Debug */ = {
			isa = XCBuildConfiguration;
			buildSettings = {
				ALWAYS_EMBED_SWIFT_STANDARD_LIBRARIES = YES;
				ASSETCATALOG_COMPILER_APPICON_NAME = AppIcon;
				ASSETCATALOG_COMPILER_GLOBAL_ACCENT_COLOR_NAME = AccentColor;
				CODE_SIGN_STYLE = Automatic;
				CURRENT_PROJECT_VERSION = 1;
				DEVELOPMENT_TEAM = 3UT276DC9L;
				GENERATE_INFOPLIST_FILE = YES;
				INFOPLIST_FILE = ModularizacaoAPPCaoBootcamp/Info.plist;
				INFOPLIST_KEY_UIApplicationSupportsIndirectInputEvents = YES;
				INFOPLIST_KEY_UILaunchStoryboardName = LaunchScreen;
				INFOPLIST_KEY_UIMainStoryboardFile = Main;
				INFOPLIST_KEY_UISupportedInterfaceOrientations_iPad = "UIInterfaceOrientationPortrait UIInterfaceOrientationPortraitUpsideDown UIInterfaceOrientationLandscapeLeft UIInterfaceOrientationLandscapeRight";
				INFOPLIST_KEY_UISupportedInterfaceOrientations_iPhone = "UIInterfaceOrientationPortrait UIInterfaceOrientationLandscapeLeft UIInterfaceOrientationLandscapeRight";
				LD_RUNPATH_SEARCH_PATHS = (
					"$(inherited)",
					"@executable_path/Frameworks",
				);
				MARKETING_VERSION = 1.0;
				PRODUCT_BUNDLE_IDENTIFIER = "dio-AppDesafioFinal.ModularizacaoAPPCaoBootcamp";
				PRODUCT_NAME = "$(TARGET_NAME)";
				SWIFT_EMIT_LOC_STRINGS = YES;
				SWIFT_VERSION = 5.0;
				TARGETED_DEVICE_FAMILY = "1,2";
			};
			name = Debug;
		};
		332010172AE1F3E800849011 /* Release */ = {
			isa = XCBuildConfiguration;
			buildSettings = {
				ALWAYS_EMBED_SWIFT_STANDARD_LIBRARIES = YES;
				ASSETCATALOG_COMPILER_APPICON_NAME = AppIcon;
				ASSETCATALOG_COMPILER_GLOBAL_ACCENT_COLOR_NAME = AccentColor;
				CODE_SIGN_STYLE = Automatic;
				CURRENT_PROJECT_VERSION = 1;
				DEVELOPMENT_TEAM = 3UT276DC9L;
				GENERATE_INFOPLIST_FILE = YES;
				INFOPLIST_FILE = ModularizacaoAPPCaoBootcamp/Info.plist;
				INFOPLIST_KEY_UIApplicationSupportsIndirectInputEvents = YES;
				INFOPLIST_KEY_UILaunchStoryboardName = LaunchScreen;
				INFOPLIST_KEY_UIMainStoryboardFile = Main;
				INFOPLIST_KEY_UISupportedInterfaceOrientations_iPad = "UIInterfaceOrientationPortrait UIInterfaceOrientationPortraitUpsideDown UIInterfaceOrientationLandscapeLeft UIInterfaceOrientationLandscapeRight";
				INFOPLIST_KEY_UISupportedInterfaceOrientations_iPhone = "UIInterfaceOrientationPortrait UIInterfaceOrientationLandscapeLeft UIInterfaceOrientationLandscapeRight";
				LD_RUNPATH_SEARCH_PATHS = (
					"$(inherited)",
					"@executable_path/Frameworks",
				);
				MARKETING_VERSION = 1.0;
				PRODUCT_BUNDLE_IDENTIFIER = "dio-AppDesafioFinal.ModularizacaoAPPCaoBootcamp";
				PRODUCT_NAME = "$(TARGET_NAME)";
				SWIFT_EMIT_LOC_STRINGS = YES;
				SWIFT_VERSION = 5.0;
				TARGETED_DEVICE_FAMILY = "1,2";
			};
			name = Release;
		};
		332010372AE1F88500849011 /* Debug */ = {
			isa = XCBuildConfiguration;
			buildSettings = {
				CODE_SIGN_STYLE = Automatic;
				CURRENT_PROJECT_VERSION = 1;
				DEFINES_MODULE = YES;
				DEVELOPMENT_TEAM = 3UT276DC9L;
				DYLIB_COMPATIBILITY_VERSION = 1;
				DYLIB_CURRENT_VERSION = 1;
				DYLIB_INSTALL_NAME_BASE = "@rpath";
				GENERATE_INFOPLIST_FILE = YES;
				INFOPLIST_KEY_NSHumanReadableCopyright = "";
				INSTALL_PATH = "$(LOCAL_LIBRARY_DIR)/Frameworks";
				LD_RUNPATH_SEARCH_PATHS = (
					"$(inherited)",
					"@executable_path/Frameworks",
					"@loader_path/Frameworks",
				);
				MARKETING_VERSION = 1.0;
				PRODUCT_BUNDLE_IDENTIFIER = "dio-AppDesafioFinal.DogAge";
				PRODUCT_NAME = "$(TARGET_NAME:c99extidentifier)";
				SKIP_INSTALL = YES;
				SWIFT_EMIT_LOC_STRINGS = YES;
				SWIFT_VERSION = 5.0;
				TARGETED_DEVICE_FAMILY = "1,2";
				VERSIONING_SYSTEM = "apple-generic";
				VERSION_INFO_PREFIX = "";
			};
			name = Debug;
		};
		332010382AE1F88500849011 /* Release */ = {
			isa = XCBuildConfiguration;
			buildSettings = {
				CODE_SIGN_STYLE = Automatic;
				CURRENT_PROJECT_VERSION = 1;
				DEFINES_MODULE = YES;
				DEVELOPMENT_TEAM = 3UT276DC9L;
				DYLIB_COMPATIBILITY_VERSION = 1;
				DYLIB_CURRENT_VERSION = 1;
				DYLIB_INSTALL_NAME_BASE = "@rpath";
				GENERATE_INFOPLIST_FILE = YES;
				INFOPLIST_KEY_NSHumanReadableCopyright = "";
				INSTALL_PATH = "$(LOCAL_LIBRARY_DIR)/Frameworks";
				LD_RUNPATH_SEARCH_PATHS = (
					"$(inherited)",
					"@executable_path/Frameworks",
					"@loader_path/Frameworks",
				);
				MARKETING_VERSION = 1.0;
				PRODUCT_BUNDLE_IDENTIFIER = "dio-AppDesafioFinal.DogAge";
				PRODUCT_NAME = "$(TARGET_NAME:c99extidentifier)";
				SKIP_INSTALL = YES;
				SWIFT_EMIT_LOC_STRINGS = YES;
				SWIFT_VERSION = 5.0;
				TARGETED_DEVICE_FAMILY = "1,2";
				VERSIONING_SYSTEM = "apple-generic";
				VERSION_INFO_PREFIX = "";
			};
			name = Release;
		};
		3320103B2AE1F88500849011 /* Debug */ = {
			isa = XCBuildConfiguration;
			buildSettings = {
				ALWAYS_EMBED_SWIFT_STANDARD_LIBRARIES = YES;
				CODE_SIGN_STYLE = Automatic;
				CURRENT_PROJECT_VERSION = 1;
				DEVELOPMENT_TEAM = 3UT276DC9L;
				GENERATE_INFOPLIST_FILE = YES;
				MARKETING_VERSION = 1.0;
				PRODUCT_BUNDLE_IDENTIFIER = "dio-AppDesafioFinal.DogAgeTests";
				PRODUCT_NAME = "$(TARGET_NAME)";
				SWIFT_EMIT_LOC_STRINGS = NO;
				SWIFT_VERSION = 5.0;
				TARGETED_DEVICE_FAMILY = "1,2";
				TEST_HOST = "$(BUILT_PRODUCTS_DIR)/ModularizacaoAPPCaoBootcamp.app/$(BUNDLE_EXECUTABLE_FOLDER_PATH)/ModularizacaoAPPCaoBootcamp";
			};
			name = Debug;
		};
		3320103C2AE1F88500849011 /* Release */ = {
			isa = XCBuildConfiguration;
			buildSettings = {
				ALWAYS_EMBED_SWIFT_STANDARD_LIBRARIES = YES;
				CODE_SIGN_STYLE = Automatic;
				CURRENT_PROJECT_VERSION = 1;
				DEVELOPMENT_TEAM = 3UT276DC9L;
				GENERATE_INFOPLIST_FILE = YES;
				MARKETING_VERSION = 1.0;
				PRODUCT_BUNDLE_IDENTIFIER = "dio-AppDesafioFinal.DogAgeTests";
				PRODUCT_NAME = "$(TARGET_NAME)";
				SWIFT_EMIT_LOC_STRINGS = NO;
				SWIFT_VERSION = 5.0;
				TARGETED_DEVICE_FAMILY = "1,2";
				TEST_HOST = "$(BUILT_PRODUCTS_DIR)/ModularizacaoAPPCaoBootcamp.app/$(BUNDLE_EXECUTABLE_FOLDER_PATH)/ModularizacaoAPPCaoBootcamp";
			};
			name = Release;
		};
/* End XCBuildConfiguration section */

/* Begin XCConfigurationList section */
		33200FFC2AE1F3E700849011 /* Build configuration list for PBXProject "ModularizacaoAPPCaoBootcamp" */ = {
			isa = XCConfigurationList;
			buildConfigurations = (
				332010132AE1F3E800849011 /* Debug */,
				332010142AE1F3E800849011 /* Release */,
			);
			defaultConfigurationIsVisible = 0;
			defaultConfigurationName = Release;
		};
		332010152AE1F3E800849011 /* Build configuration list for PBXNativeTarget "ModularizacaoAPPCaoBootcamp" */ = {
			isa = XCConfigurationList;
			buildConfigurations = (
				332010162AE1F3E800849011 /* Debug */,
				332010172AE1F3E800849011 /* Release */,
			);
			defaultConfigurationIsVisible = 0;
			defaultConfigurationName = Release;
		};
		332010362AE1F88500849011 /* Build configuration list for PBXNativeTarget "DogAge" */ = {
			isa = XCConfigurationList;
			buildConfigurations = (
				332010372AE1F88500849011 /* Debug */,
				332010382AE1F88500849011 /* Release */,
			);
			defaultConfigurationIsVisible = 0;
			defaultConfigurationName = Release;
		};
		3320103A2AE1F88500849011 /* Build configuration list for PBXNativeTarget "DogAgeTests" */ = {
			isa = XCConfigurationList;
			buildConfigurations = (
				3320103B2AE1F88500849011 /* Debug */,
				3320103C2AE1F88500849011 /* Release */,
			);
			defaultConfigurationIsVisible = 0;
			defaultConfigurationName = Release;
		};
/* End XCConfigurationList section */
	};
	rootObject = 33200FF92AE1F3E700849011 /* Project object */;
}
